
Microsoft Visual Studio Solution File, Format Version 12.00
# Visual Studio Version 16
VisualStudioVersion = 16.0.31702.278
MinimumVisualStudioVersion = 10.0.40219.1
Project("{FAE04EC0-301F-11D3-BF4B-00C04F79EFBC}") = "DadSimulator", "DadSimulator\DadSimulator.csproj", "{FAD19666-8307-4C5E-AE75-22844B375E2D}"
EndProject
Global
	GlobalSection(SolutionConfigurationPlatforms) = preSolution
		Debug|Any CPU = Debug|Any CPU
		Release|Any CPU = Release|Any CPU
	EndGlobalSection
	GlobalSection(ProjectConfigurationPlatforms) = postSolution
		{FAD19666-8307-4C5E-AE75-22844B375E2D}.Debug|Any CPU.ActiveCfg = Debug|Any CPU
		{FAD19666-8307-4C5E-AE75-22844B375E2D}.Debug|Any CPU.Build.0 = Debug|Any CPU
		{FAD19666-8307-4C5E-AE75-22844B375E2D}.Release|Any CPU.ActiveCfg = Release|Any CPU
		{FAD19666-8307-4C5E-AE75-22844B375E2D}.Release|Any CPU.Build.0 = Release|Any CPU
	EndGlobalSection
	GlobalSection(SolutionProperties) = preSolution
		HideSolutionNode = FALSE
	EndGlobalSection
	GlobalSection(ExtensibilityGlobals) = postSolution
		SolutionGuid = {2D3BBDA4-9480-4860-ABD8-797C82B0120F}
	EndGlobalSection
EndGlobal
